
Microsoft Visual Studio Solution File, Format Version 12.00
# Visual Studio 15
VisualStudioVersion = 15.0.28010.2016
MinimumVisualStudioVersion = 10.0.40219.1
Project("{FAE04EC0-301F-11D3-BF4B-00C04F79EFBC}") = "ENEFEX_Excel", "ENEFEX_Excel\ENEFEX_Excel.csproj", "{19142593-D432-4687-AD36-4F16D1FE7A29}"
EndProject
Project("{FAE04EC0-301F-11D3-BF4B-00C04F79EFBC}") = "ENEFEX_ExcelWeb", "ENEFEX_ExcelWeb\ENEFEX_ExcelWeb.csproj", "{46A5D0B1-CDFE-4462-9F28-EC37E244D2D6}"
EndProject
Global
	GlobalSection(SolutionConfigurationPlatforms) = preSolution
		Debug|Any CPU = Debug|Any CPU
		Release|Any CPU = Release|Any CPU
	EndGlobalSection
	GlobalSection(ProjectConfigurationPlatforms) = postSolution
		{19142593-D432-4687-AD36-4F16D1FE7A29}.Debug|Any CPU.ActiveCfg = Debug|Any CPU
		{19142593-D432-4687-AD36-4F16D1FE7A29}.Debug|Any CPU.Build.0 = Debug|Any CPU
		{19142593-D432-4687-AD36-4F16D1FE7A29}.Debug|Any CPU.Deploy.0 = Debug|Any CPU
		{19142593-D432-4687-AD36-4F16D1FE7A29}.Release|Any CPU.ActiveCfg = Release|Any CPU
		{19142593-D432-4687-AD36-4F16D1FE7A29}.Release|Any CPU.Build.0 = Release|Any CPU
		{19142593-D432-4687-AD36-4F16D1FE7A29}.Release|Any CPU.Deploy.0 = Release|Any CPU
		{46A5D0B1-CDFE-4462-9F28-EC37E244D2D6}.Debug|Any CPU.ActiveCfg = Debug|Any CPU
		{46A5D0B1-CDFE-4462-9F28-EC37E244D2D6}.Debug|Any CPU.Build.0 = Debug|Any CPU
		{46A5D0B1-CDFE-4462-9F28-EC37E244D2D6}.Release|Any CPU.ActiveCfg = Release|Any CPU
		{46A5D0B1-CDFE-4462-9F28-EC37E244D2D6}.Release|Any CPU.Build.0 = Release|Any CPU
	EndGlobalSection
	GlobalSection(SolutionProperties) = preSolution
		HideSolutionNode = FALSE
	EndGlobalSection
	GlobalSection(ExtensibilityGlobals) = postSolution
		SolutionGuid = {7DFF72A5-5445-46CF-80FD-223344232DA0}
	EndGlobalSection
EndGlobal
